// !$*UTF8*$!
{
	archiveVersion = 1;
	classes = {
	};
	objectVersion = 55;
	objects = {

/* Begin PBXBuildFile section */
		4AC8AC6AE7EE5D5E0750B584 /* Pods_DSOManagementProject.framework in Frameworks */ = {isa = PBXBuildFile; fileRef = 8857E62ACCB3C68C85B01E66 /* Pods_DSOManagementProject.framework */; };
		AC9C2A792921FDFC001FB662 /* AppDelegate.swift in Sources */ = {isa = PBXBuildFile; fileRef = AC9C2A782921FDFC001FB662 /* AppDelegate.swift */; };
		AC9C2A7B2921FDFC001FB662 /* SceneDelegate.swift in Sources */ = {isa = PBXBuildFile; fileRef = AC9C2A7A2921FDFC001FB662 /* SceneDelegate.swift */; };
		AC9C2A7D2921FDFC001FB662 /* LoginViewController.swift in Sources */ = {isa = PBXBuildFile; fileRef = AC9C2A7C2921FDFC001FB662 /* LoginViewController.swift */; };
		AC9C2A802921FDFC001FB662 /* Main.storyboard in Resources */ = {isa = PBXBuildFile; fileRef = AC9C2A7E2921FDFC001FB662 /* Main.storyboard */; };
		AC9C2A832921FDFC001FB662 /* DSOManagementProject.xcdatamodeld in Sources */ = {isa = PBXBuildFile; fileRef = AC9C2A812921FDFC001FB662 /* DSOManagementProject.xcdatamodeld */; };
		AC9C2A882921FDFE001FB662 /* LaunchScreen.storyboard in Resources */ = {isa = PBXBuildFile; fileRef = AC9C2A862921FDFE001FB662 /* LaunchScreen.storyboard */; };
		ACB3C66E29235EFC00CAF985 /* LoginModel.swift in Sources */ = {isa = PBXBuildFile; fileRef = ACB3C66D29235EFC00CAF985 /* LoginModel.swift */; };
		ACB3C6712923741E00CAF985 /* ResponseModel.swift in Sources */ = {isa = PBXBuildFile; fileRef = ACB3C6702923741E00CAF985 /* ResponseModel.swift */; };
		ACE9D3822922171900C39F66 /* Assets.xcassets in Resources */ = {isa = PBXBuildFile; fileRef = ACE9D3812922171900C39F66 /* Assets.xcassets */; };
/* End PBXBuildFile section */

/* Begin PBXFileReference section */
		09B4E42D8B6F84932CF765EF /* Pods-DSOManagementProject.release.xcconfig */ = {isa = PBXFileReference; includeInIndex = 1; lastKnownFileType = text.xcconfig; name = "Pods-DSOManagementProject.release.xcconfig"; path = "Target Support Files/Pods-DSOManagementProject/Pods-DSOManagementProject.release.xcconfig"; sourceTree = "<group>"; };
		8857E62ACCB3C68C85B01E66 /* Pods_DSOManagementProject.framework */ = {isa = PBXFileReference; explicitFileType = wrapper.framework; includeInIndex = 0; path = Pods_DSOManagementProject.framework; sourceTree = BUILT_PRODUCTS_DIR; };
		95B1D5E77E9EAC75B9B63FF1 /* Pods-DSOManagementProject.debug.xcconfig */ = {isa = PBXFileReference; includeInIndex = 1; lastKnownFileType = text.xcconfig; name = "Pods-DSOManagementProject.debug.xcconfig"; path = "Target Support Files/Pods-DSOManagementProject/Pods-DSOManagementProject.debug.xcconfig"; sourceTree = "<group>"; };
		AC9C2A752921FDFC001FB662 /* DSOManagementProject.app */ = {isa = PBXFileReference; explicitFileType = wrapper.application; includeInIndex = 0; path = DSOManagementProject.app; sourceTree = BUILT_PRODUCTS_DIR; };
		AC9C2A782921FDFC001FB662 /* AppDelegate.swift */ = {isa = PBXFileReference; lastKnownFileType = sourcecode.swift; path = AppDelegate.swift; sourceTree = "<group>"; };
		AC9C2A7A2921FDFC001FB662 /* SceneDelegate.swift */ = {isa = PBXFileReference; lastKnownFileType = sourcecode.swift; path = SceneDelegate.swift; sourceTree = "<group>"; };
		AC9C2A7C2921FDFC001FB662 /* LoginViewController.swift */ = {isa = PBXFileReference; lastKnownFileType = sourcecode.swift; path = LoginViewController.swift; sourceTree = "<group>"; };
		AC9C2A7F2921FDFC001FB662 /* Base */ = {isa = PBXFileReference; lastKnownFileType = file.storyboard; name = Base; path = Base.lproj/Main.storyboard; sourceTree = "<group>"; };
		AC9C2A822921FDFC001FB662 /* DSOManagementProject.xcdatamodel */ = {isa = PBXFileReference; lastKnownFileType = wrapper.xcdatamodel; path = DSOManagementProject.xcdatamodel; sourceTree = "<group>"; };
		AC9C2A872921FDFE001FB662 /* Base */ = {isa = PBXFileReference; lastKnownFileType = file.storyboard; name = Base; path = Base.lproj/LaunchScreen.storyboard; sourceTree = "<group>"; };
		AC9C2A892921FDFE001FB662 /* Info.plist */ = {isa = PBXFileReference; lastKnownFileType = text.plist.xml; path = Info.plist; sourceTree = "<group>"; };
		ACB3C66D29235EFC00CAF985 /* LoginModel.swift */ = {isa = PBXFileReference; lastKnownFileType = sourcecode.swift; path = LoginModel.swift; sourceTree = "<group>"; };
		ACB3C6702923741E00CAF985 /* ResponseModel.swift */ = {isa = PBXFileReference; lastKnownFileType = sourcecode.swift; path = ResponseModel.swift; sourceTree = "<group>"; };
		ACE9D3812922171900C39F66 /* Assets.xcassets */ = {isa = PBXFileReference; lastKnownFileType = folder.assetcatalog; name = Assets.xcassets; path = "../../../Training Cinta/Test2/Test2/Assets.xcassets"; sourceTree = "<group>"; };
/* End PBXFileReference section */

/* Begin PBXFrameworksBuildPhase section */
		AC9C2A722921FDFC001FB662 /* Frameworks */ = {
			isa = PBXFrameworksBuildPhase;
			buildActionMask = 2147483647;
			files = (
				4AC8AC6AE7EE5D5E0750B584 /* Pods_DSOManagementProject.framework in Frameworks */,
			);
			runOnlyForDeploymentPostprocessing = 0;
		};
/* End PBXFrameworksBuildPhase section */

/* Begin PBXGroup section */
		0EB13DFD41A31488C5B57D74 /* Frameworks */ = {
			isa = PBXGroup;
			children = (
				8857E62ACCB3C68C85B01E66 /* Pods_DSOManagementProject.framework */,
			);
			name = Frameworks;
			sourceTree = "<group>";
		};
		AA3146D28B7D6A49CF24D9FC /* Pods */ = {
			isa = PBXGroup;
			children = (
				95B1D5E77E9EAC75B9B63FF1 /* Pods-DSOManagementProject.debug.xcconfig */,
				09B4E42D8B6F84932CF765EF /* Pods-DSOManagementProject.release.xcconfig */,
			);
			path = Pods;
			sourceTree = "<group>";
		};
		AC9C2A6C2921FDFC001FB662 = {
			isa = PBXGroup;
			children = (
				AC9C2A772921FDFC001FB662 /* DSOManagementProject */,
				AC9C2A762921FDFC001FB662 /* Products */,
				AA3146D28B7D6A49CF24D9FC /* Pods */,
				0EB13DFD41A31488C5B57D74 /* Frameworks */,
			);
			sourceTree = "<group>";
		};
		AC9C2A762921FDFC001FB662 /* Products */ = {
			isa = PBXGroup;
			children = (
				AC9C2A752921FDFC001FB662 /* DSOManagementProject.app */,
			);
			name = Products;
			sourceTree = "<group>";
		};
		AC9C2A772921FDFC001FB662 /* DSOManagementProject */ = {
			isa = PBXGroup;
			children = (
				AC9C2A782921FDFC001FB662 /* AppDelegate.swift */,
				AC9C2A7A2921FDFC001FB662 /* SceneDelegate.swift */,
				AC9C2A7C2921FDFC001FB662 /* LoginViewController.swift */,
				AC9C2A7E2921FDFC001FB662 /* Main.storyboard */,
				AC9C2A862921FDFE001FB662 /* LaunchScreen.storyboard */,
				AC9C2A892921FDFE001FB662 /* Info.plist */,
				AC9C2A812921FDFC001FB662 /* DSOManagementProject.xcdatamodeld */,
				ACE9D3812922171900C39F66 /* Assets.xcassets */,
				ACB3C66F2923740500CAF985 /* Models */,
			);
			path = DSOManagementProject;
			sourceTree = "<group>";
		};
		ACB3C66F2923740500CAF985 /* Models */ = {
			isa = PBXGroup;
			children = (
				ACB3C66D29235EFC00CAF985 /* LoginModel.swift */,
				ACB3C6702923741E00CAF985 /* ResponseModel.swift */,
			);
			path = Models;
			sourceTree = "<group>";
		};
/* End PBXGroup section */

/* Begin PBXNativeTarget section */
		AC9C2A742921FDFC001FB662 /* DSOManagementProject */ = {
			isa = PBXNativeTarget;
			buildConfigurationList = AC9C2A8C2921FDFE001FB662 /* Build configuration list for PBXNativeTarget "DSOManagementProject" */;
			buildPhases = (
				0D7610F4FABA1D90A4C6BDE0 /* [CP] Check Pods Manifest.lock */,
				AC9C2A712921FDFC001FB662 /* Sources */,
				AC9C2A722921FDFC001FB662 /* Frameworks */,
				AC9C2A732921FDFC001FB662 /* Resources */,
				2A4E9B3038EAB2AB6B1FD55C /* [CP] Embed Pods Frameworks */,
			);
			buildRules = (
			);
			dependencies = (
			);
			name = DSOManagementProject;
			productName = DSOManagementProject;
			productReference = AC9C2A752921FDFC001FB662 /* DSOManagementProject.app */;
			productType = "com.apple.product-type.application";
		};
/* End PBXNativeTarget section */

/* Begin PBXProject section */
		AC9C2A6D2921FDFC001FB662 /* Project object */ = {
			isa = PBXProject;
			attributes = {
				BuildIndependentTargetsInParallel = 1;
				LastSwiftUpdateCheck = 1320;
				LastUpgradeCheck = 1320;
				TargetAttributes = {
					AC9C2A742921FDFC001FB662 = {
						CreatedOnToolsVersion = 13.2;
					};
				};
			};
			buildConfigurationList = AC9C2A702921FDFC001FB662 /* Build configuration list for PBXProject "DSOManagementProject" */;
			compatibilityVersion = "Xcode 13.0";
			developmentRegion = en;
			hasScannedForEncodings = 0;
			knownRegions = (
				en,
				Base,
			);
			mainGroup = AC9C2A6C2921FDFC001FB662;
			productRefGroup = AC9C2A762921FDFC001FB662 /* Products */;
			projectDirPath = "";
			projectRoot = "";
			targets = (
				AC9C2A742921FDFC001FB662 /* DSOManagementProject */,
			);
		};
/* End PBXProject section */

/* Begin PBXResourcesBuildPhase section */
		AC9C2A732921FDFC001FB662 /* Resources */ = {
			isa = PBXResourcesBuildPhase;
			buildActionMask = 2147483647;
			files = (
				AC9C2A882921FDFE001FB662 /* LaunchScreen.storyboard in Resources */,
				ACE9D3822922171900C39F66 /* Assets.xcassets in Resources */,
				AC9C2A802921FDFC001FB662 /* Main.storyboard in Resources */,
			);
			runOnlyForDeploymentPostprocessing = 0;
		};
/* End PBXResourcesBuildPhase section */

/* Begin PBXShellScriptBuildPhase section */
		0D7610F4FABA1D90A4C6BDE0 /* [CP] Check Pods Manifest.lock */ = {
			isa = PBXShellScriptBuildPhase;
			buildActionMask = 2147483647;
			files = (
			);
			inputFileListPaths = (
			);
			inputPaths = (
				"${PODS_PODFILE_DIR_PATH}/Podfile.lock",
				"${PODS_ROOT}/Manifest.lock",
			);
			name = "[CP] Check Pods Manifest.lock";
			outputFileListPaths = (
			);
			outputPaths = (
				"$(DERIVED_FILE_DIR)/Pods-DSOManagementProject-checkManifestLockResult.txt",
			);
			runOnlyForDeploymentPostprocessing = 0;
			shellPath = /bin/sh;
			shellScript = "diff \"${PODS_PODFILE_DIR_PATH}/Podfile.lock\" \"${PODS_ROOT}/Manifest.lock\" > /dev/null\nif [ $? != 0 ] ; then\n    # print error to STDERR\n    echo \"error: The sandbox is not in sync with the Podfile.lock. Run 'pod install' or update your CocoaPods installation.\" >&2\n    exit 1\nfi\n# This output is used by Xcode 'outputs' to avoid re-running this script phase.\necho \"SUCCESS\" > \"${SCRIPT_OUTPUT_FILE_0}\"\n";
			showEnvVarsInLog = 0;
		};
		2A4E9B3038EAB2AB6B1FD55C /* [CP] Embed Pods Frameworks */ = {
			isa = PBXShellScriptBuildPhase;
			buildActionMask = 2147483647;
			files = (
			);
			inputFileListPaths = (
				"${PODS_ROOT}/Target Support Files/Pods-DSOManagementProject/Pods-DSOManagementProject-frameworks-${CONFIGURATION}-input-files.xcfilelist",
			);
			name = "[CP] Embed Pods Frameworks";
			outputFileListPaths = (
				"${PODS_ROOT}/Target Support Files/Pods-DSOManagementProject/Pods-DSOManagementProject-frameworks-${CONFIGURATION}-output-files.xcfilelist",
			);
			runOnlyForDeploymentPostprocessing = 0;
			shellPath = /bin/sh;
			shellScript = "\"${PODS_ROOT}/Target Support Files/Pods-DSOManagementProject/Pods-DSOManagementProject-frameworks.sh\"\n";
			showEnvVarsInLog = 0;
		};
/* End PBXShellScriptBuildPhase section */

/* Begin PBXSourcesBuildPhase section */
		AC9C2A712921FDFC001FB662 /* Sources */ = {
			isa = PBXSourcesBuildPhase;
			buildActionMask = 2147483647;
			files = (
				ACB3C66E29235EFC00CAF985 /* LoginModel.swift in Sources */,
				AC9C2A7D2921FDFC001FB662 /* LoginViewController.swift in Sources */,
				AC9C2A832921FDFC001FB662 /* DSOManagementProject.xcdatamodeld in Sources */,
				AC9C2A792921FDFC001FB662 /* AppDelegate.swift in Sources */,
				ACB3C6712923741E00CAF985 /* ResponseModel.swift in Sources */,
				AC9C2A7B2921FDFC001FB662 /* SceneDelegate.swift in Sources */,
			);
			runOnlyForDeploymentPostprocessing = 0;
		};
/* End PBXSourcesBuildPhase section */

/* Begin PBXVariantGroup section */
		AC9C2A7E2921FDFC001FB662 /* Main.storyboard */ = {
			isa = PBXVariantGroup;
			children = (
				AC9C2A7F2921FDFC001FB662 /* Base */,
			);
			name = Main.storyboard;
			sourceTree = "<group>";
		};
		AC9C2A862921FDFE001FB662 /* LaunchScreen.storyboard */ = {
			isa = PBXVariantGroup;
			children = (
				AC9C2A872921FDFE001FB662 /* Base */,
			);
			name = LaunchScreen.storyboard;
			sourceTree = "<group>";
		};
/* End PBXVariantGroup section */

/* Begin XCBuildConfiguration section */
		AC9C2A8A2921FDFE001FB662 /* Debug */ = {
			isa = XCBuildConfiguration;
			buildSettings = {
				ALWAYS_SEARCH_USER_PATHS = NO;
				CLANG_ANALYZER_NONNULL = YES;
				CLANG_ANALYZER_NUMBER_OBJECT_CONVERSION = YES_AGGRESSIVE;
				CLANG_CXX_LANGUAGE_STANDARD = "gnu++17";
				CLANG_CXX_LIBRARY = "libc++";
				CLANG_ENABLE_MODULES = YES;
				CLANG_ENABLE_OBJC_ARC = YES;
				CLANG_ENABLE_OBJC_WEAK = YES;
				CLANG_WARN_BLOCK_CAPTURE_AUTORELEASING = YES;
				CLANG_WARN_BOOL_CONVERSION = YES;
				CLANG_WARN_COMMA = YES;
				CLANG_WARN_CONSTANT_CONVERSION = YES;
				CLANG_WARN_DEPRECATED_OBJC_IMPLEMENTATIONS = YES;
				CLANG_WARN_DIRECT_OBJC_ISA_USAGE = YES_ERROR;
				CLANG_WARN_DOCUMENTATION_COMMENTS = YES;
				CLANG_WARN_EMPTY_BODY = YES;
				CLANG_WARN_ENUM_CONVERSION = YES;
				CLANG_WARN_INFINITE_RECURSION = YES;
				CLANG_WARN_INT_CONVERSION = YES;
				CLANG_WARN_NON_LITERAL_NULL_CONVERSION = YES;
				CLANG_WARN_OBJC_IMPLICIT_RETAIN_SELF = YES;
				CLANG_WARN_OBJC_LITERAL_CONVERSION = YES;
				CLANG_WARN_OBJC_ROOT_CLASS = YES_ERROR;
				CLANG_WARN_QUOTED_INCLUDE_IN_FRAMEWORK_HEADER = YES;
				CLANG_WARN_RANGE_LOOP_ANALYSIS = YES;
				CLANG_WARN_STRICT_PROTOTYPES = YES;
				CLANG_WARN_SUSPICIOUS_MOVE = YES;
				CLANG_WARN_UNGUARDED_AVAILABILITY = YES_AGGRESSIVE;
				CLANG_WARN_UNREACHABLE_CODE = YES;
				CLANG_WARN__DUPLICATE_METHOD_MATCH = YES;
				COPY_PHASE_STRIP = NO;
				DEBUG_INFORMATION_FORMAT = dwarf;
				ENABLE_STRICT_OBJC_MSGSEND = YES;
				ENABLE_TESTABILITY = YES;
				GCC_C_LANGUAGE_STANDARD = gnu11;
				GCC_DYNAMIC_NO_PIC = NO;
				GCC_NO_COMMON_BLOCKS = YES;
				GCC_OPTIMIZATION_LEVEL = 0;
				GCC_PREPROCESSOR_DEFINITIONS = (
					"DEBUG=1",
					"$(inherited)",
				);
				GCC_WARN_64_TO_32_BIT_CONVERSION = YES;
				GCC_WARN_ABOUT_RETURN_TYPE = YES_ERROR;
				GCC_WARN_UNDECLARED_SELECTOR = YES;
				GCC_WARN_UNINITIALIZED_AUTOS = YES_AGGRESSIVE;
				GCC_WARN_UNUSED_FUNCTION = YES;
				GCC_WARN_UNUSED_VARIABLE = YES;
				IPHONEOS_DEPLOYMENT_TARGET = 15.2;
				MTL_ENABLE_DEBUG_INFO = INCLUDE_SOURCE;
				MTL_FAST_MATH = YES;
				ONLY_ACTIVE_ARCH = YES;
				SDKROOT = iphoneos;
				SWIFT_ACTIVE_COMPILATION_CONDITIONS = DEBUG;
				SWIFT_OPTIMIZATION_LEVEL = "-Onone";
			};
			name = Debug;
		};
		AC9C2A8B2921FDFE001FB662 /* Release */ = {
			isa = XCBuildConfiguration;
			buildSettings = {
				ALWAYS_SEARCH_USER_PATHS = NO;
				CLANG_ANALYZER_NONNULL = YES;
				CLANG_ANALYZER_NUMBER_OBJECT_CONVERSION = YES_AGGRESSIVE;
				CLANG_CXX_LANGUAGE_STANDARD = "gnu++17";
				CLANG_CXX_LIBRARY = "libc++";
				CLANG_ENABLE_MODULES = YES;
				CLANG_ENABLE_OBJC_ARC = YES;
				CLANG_ENABLE_OBJC_WEAK = YES;
				CLANG_WARN_BLOCK_CAPTURE_AUTORELEASING = YES;
				CLANG_WARN_BOOL_CONVERSION = YES;
				CLANG_WARN_COMMA = YES;
				CLANG_WARN_CONSTANT_CONVERSION = YES;
				CLANG_WARN_DEPRECATED_OBJC_IMPLEMENTATIONS = YES;
				CLANG_WARN_DIRECT_OBJC_ISA_USAGE = YES_ERROR;
				CLANG_WARN_DOCUMENTATION_COMMENTS = YES;
				CLANG_WARN_EMPTY_BODY = YES;
				CLANG_WARN_ENUM_CONVERSION = YES;
				CLANG_WARN_INFINITE_RECURSION = YES;
				CLANG_WARN_INT_CONVERSION = YES;
				CLANG_WARN_NON_LITERAL_NULL_CONVERSION = YES;
				CLANG_WARN_OBJC_IMPLICIT_RETAIN_SELF = YES;
				CLANG_WARN_OBJC_LITERAL_CONVERSION = YES;
				CLANG_WARN_OBJC_ROOT_CLASS = YES_ERROR;
				CLANG_WARN_QUOTED_INCLUDE_IN_FRAMEWORK_HEADER = YES;
				CLANG_WARN_RANGE_LOOP_ANALYSIS = YES;
				CLANG_WARN_STRICT_PROTOTYPES = YES;
				CLANG_WARN_SUSPICIOUS_MOVE = YES;
				CLANG_WARN_UNGUARDED_AVAILABILITY = YES_AGGRESSIVE;
				CLANG_WARN_UNREACHABLE_CODE = YES;
				CLANG_WARN__DUPLICATE_METHOD_MATCH = YES;
				COPY_PHASE_STRIP = NO;
				DEBUG_INFORMATION_FORMAT = "dwarf-with-dsym";
				ENABLE_NS_ASSERTIONS = NO;
				ENABLE_STRICT_OBJC_MSGSEND = YES;
				GCC_C_LANGUAGE_STANDARD = gnu11;
				GCC_NO_COMMON_BLOCKS = YES;
				GCC_WARN_64_TO_32_BIT_CONVERSION = YES;
				GCC_WARN_ABOUT_RETURN_TYPE = YES_ERROR;
				GCC_WARN_UNDECLARED_SELECTOR = YES;
				GCC_WARN_UNINITIALIZED_AUTOS = YES_AGGRESSIVE;
				GCC_WARN_UNUSED_FUNCTION = YES;
				GCC_WARN_UNUSED_VARIABLE = YES;
				IPHONEOS_DEPLOYMENT_TARGET = 15.2;
				MTL_ENABLE_DEBUG_INFO = NO;
				MTL_FAST_MATH = YES;
				SDKROOT = iphoneos;
				SWIFT_COMPILATION_MODE = wholemodule;
				SWIFT_OPTIMIZATION_LEVEL = "-O";
				VALIDATE_PRODUCT = YES;
			};
			name = Release;
		};
		AC9C2A8D2921FDFE001FB662 /* Debug */ = {
			isa = XCBuildConfiguration;
			baseConfigurationReference = 95B1D5E77E9EAC75B9B63FF1 /* Pods-DSOManagementProject.debug.xcconfig */;
			buildSettings = {
				ASSETCATALOG_COMPILER_APPICON_NAME = AppIcon;
				ASSETCATALOG_COMPILER_GLOBAL_ACCENT_COLOR_NAME = AccentColor;
				CODE_SIGN_STYLE = Automatic;
				CURRENT_PROJECT_VERSION = 1;
				DEVELOPMENT_TEAM = V92F66959B;
				GENERATE_INFOPLIST_FILE = YES;
				INFOPLIST_FILE = DSOManagementProject/Info.plist;
				INFOPLIST_KEY_UIApplicationSupportsIndirectInputEvents = YES;
				INFOPLIST_KEY_UILaunchStoryboardName = LaunchScreen;
				INFOPLIST_KEY_UIMainStoryboardFile = Main;
				INFOPLIST_KEY_UISupportedInterfaceOrientations = UIInterfaceOrientationLandscapeLeft;
				INFOPLIST_KEY_UISupportedInterfaceOrientations_iPad = "UIInterfaceOrientationLandscapeLeft UIInterfaceOrientationLandscapeRight";
				INFOPLIST_KEY_UISupportedInterfaceOrientations_iPhone = "UIInterfaceOrientationPortrait UIInterfaceOrientationLandscapeLeft UIInterfaceOrientationLandscapeRight";
				LD_RUNPATH_SEARCH_PATHS = (
					"$(inherited)",
					"@executable_path/Frameworks",
				);
				MARKETING_VERSION = 1.0;
				PRODUCT_BUNDLE_IDENTIFIER = com.orthofx.DSOManagementProject;
				PRODUCT_NAME = "$(TARGET_NAME)";
				SWIFT_EMIT_LOC_STRINGS = YES;
				SWIFT_VERSION = 5.0;
				TARGETED_DEVICE_FAMILY = 2;
			};
			name = Debug;
		};
		AC9C2A8E2921FDFE001FB662 /* Release */ = {
			isa = XCBuildConfiguration;
			baseConfigurationReference = 09B4E42D8B6F84932CF765EF /* Pods-DSOManagementProject.release.xcconfig */;
			buildSettings = {
				ASSETCATALOG_COMPILER_APPICON_NAME = AppIcon;
				ASSETCATALOG_COMPILER_GLOBAL_ACCENT_COLOR_NAME = AccentColor;
				CODE_SIGN_STYLE = Automatic;
				CURRENT_PROJECT_VERSION = 1;
				DEVELOPMENT_TEAM = V92F66959B;
				GENERATE_INFOPLIST_FILE = YES;
				INFOPLIST_FILE = DSOManagementProject/Info.plist;
				INFOPLIST_KEY_UIApplicationSupportsIndirectInputEvents = YES;
				INFOPLIST_KEY_UILaunchStoryboardName = LaunchScreen;
				INFOPLIST_KEY_UIMainStoryboardFile = Main;
				INFOPLIST_KEY_UISupportedInterfaceOrientations = UIInterfaceOrientationLandscapeLeft;
				INFOPLIST_KEY_UISupportedInterfaceOrientations_iPad = "UIInterfaceOrientationLandscapeLeft UIInterfaceOrientationLandscapeRight";
				INFOPLIST_KEY_UISupportedInterfaceOrientations_iPhone = "UIInterfaceOrientationPortrait UIInterfaceOrientationLandscapeLeft UIInterfaceOrientationLandscapeRight";
				LD_RUNPATH_SEARCH_PATHS = (
					"$(inherited)",
					"@executable_path/Frameworks",
				);
				MARKETING_VERSION = 1.0;
				PRODUCT_BUNDLE_IDENTIFIER = com.orthofx.DSOManagementProject;
				PRODUCT_NAME = "$(TARGET_NAME)";
				SWIFT_EMIT_LOC_STRINGS = YES;
				SWIFT_VERSION = 5.0;
				TARGETED_DEVICE_FAMILY = 2;
			};
			name = Release;
		};
/* End XCBuildConfiguration section */

/* Begin XCConfigurationList section */
		AC9C2A702921FDFC001FB662 /* Build configuration list for PBXProject "DSOManagementProject" */ = {
			isa = XCConfigurationList;
			buildConfigurations = (
				AC9C2A8A2921FDFE001FB662 /* Debug */,
				AC9C2A8B2921FDFE001FB662 /* Release */,
			);
			defaultConfigurationIsVisible = 0;
			defaultConfigurationName = Release;
		};
		AC9C2A8C2921FDFE001FB662 /* Build configuration list for PBXNativeTarget "DSOManagementProject" */ = {
			isa = XCConfigurationList;
			buildConfigurations = (
				AC9C2A8D2921FDFE001FB662 /* Debug */,
				AC9C2A8E2921FDFE001FB662 /* Release */,
			);
			defaultConfigurationIsVisible = 0;
			defaultConfigurationName = Release;
		};
/* End XCConfigurationList section */

/* Begin XCVersionGroup section */
		AC9C2A812921FDFC001FB662 /* DSOManagementProject.xcdatamodeld */ = {
			isa = XCVersionGroup;
			children = (
				AC9C2A822921FDFC001FB662 /* DSOManagementProject.xcdatamodel */,
			);
			currentVersion = AC9C2A822921FDFC001FB662 /* DSOManagementProject.xcdatamodel */;
			path = DSOManagementProject.xcdatamodeld;
			sourceTree = "<group>";
			versionGroupType = wrapper.xcdatamodel;
		};
/* End XCVersionGroup section */
	};
	rootObject = AC9C2A6D2921FDFC001FB662 /* Project object */;
}
